
Microsoft Visual Studio Solution File, Format Version 12.00
# Visual Studio 15
VisualStudioVersion = 15.0.27004.2008
MinimumVisualStudioVersion = 10.0.40219.1
Project("{FAE04EC0-301F-11D3-BF4B-00C04F79EFBC}") = "SwashbuckleSample", "SwashbuckleSample\SwashbuckleSample.csproj", "{CA6B6475-B95B-471B-822F-0C849BC5C98D}"
EndProject
Project("{E53339B2-1760-4266-BCC7-CA923CBCF16C}") = "docker-compose", "docker-compose.dcproj", "{624D45CD-7868-4655-A446-264E91871295}"
EndProject
Global
	GlobalSection(SolutionConfigurationPlatforms) = preSolution
		Debug|Any CPU = Debug|Any CPU
		Release|Any CPU = Release|Any CPU
	EndGlobalSection
	GlobalSection(ProjectConfigurationPlatforms) = postSolution
		{CA6B6475-B95B-471B-822F-0C849BC5C98D}.Debug|Any CPU.ActiveCfg = Debug|Any CPU
		{CA6B6475-B95B-471B-822F-0C849BC5C98D}.Debug|Any CPU.Build.0 = Debug|Any CPU
		{CA6B6475-B95B-471B-822F-0C849BC5C98D}.Release|Any CPU.ActiveCfg = Release|Any CPU
		{CA6B6475-B95B-471B-822F-0C849BC5C98D}.Release|Any CPU.Build.0 = Release|Any CPU
		{624D45CD-7868-4655-A446-264E91871295}.Debug|Any CPU.ActiveCfg = Debug|Any CPU
		{624D45CD-7868-4655-A446-264E91871295}.Debug|Any CPU.Build.0 = Debug|Any CPU
		{624D45CD-7868-4655-A446-264E91871295}.Release|Any CPU.ActiveCfg = Release|Any CPU
		{624D45CD-7868-4655-A446-264E91871295}.Release|Any CPU.Build.0 = Release|Any CPU
	EndGlobalSection
	GlobalSection(SolutionProperties) = preSolution
		HideSolutionNode = FALSE
	EndGlobalSection
	GlobalSection(ExtensibilityGlobals) = postSolution
		SolutionGuid = {76D4C928-27DB-4A7D-B7F2-7D983697B807}
	EndGlobalSection
EndGlobal
